
Microsoft Visual Studio Solution File, Format Version 12.00
# Visual Studio Version 16
VisualStudioVersion = 16.0.29609.76
MinimumVisualStudioVersion = 10.0.40219.1
Project("{FAE04EC0-301F-11D3-BF4B-00C04F79EFBC}") = "Zajecia_nr_9", "Zajecia_nr_9\Zajecia_nr_9.csproj", "{91EBFFED-44B1-4699-B744-73CDBEDE8804}"
EndProject
Global
	GlobalSection(SolutionConfigurationPlatforms) = preSolution
		Debug|Any CPU = Debug|Any CPU
		Release|Any CPU = Release|Any CPU
	EndGlobalSection
	GlobalSection(ProjectConfigurationPlatforms) = postSolution
		{91EBFFED-44B1-4699-B744-73CDBEDE8804}.Debug|Any CPU.ActiveCfg = Debug|Any CPU
		{91EBFFED-44B1-4699-B744-73CDBEDE8804}.Debug|Any CPU.Build.0 = Debug|Any CPU
		{91EBFFED-44B1-4699-B744-73CDBEDE8804}.Release|Any CPU.ActiveCfg = Release|Any CPU
		{91EBFFED-44B1-4699-B744-73CDBEDE8804}.Release|Any CPU.Build.0 = Release|Any CPU
	EndGlobalSection
	GlobalSection(SolutionProperties) = preSolution
		HideSolutionNode = FALSE
	EndGlobalSection
	GlobalSection(ExtensibilityGlobals) = postSolution
		SolutionGuid = {DA7016BE-A7AA-48B3-AC98-C072503CCAB5}
	EndGlobalSection
EndGlobal
